
Microsoft Visual Studio Solution File, Format Version 12.00
# Visual Studio 14
VisualStudioVersion = 14.0.25420.1
MinimumVisualStudioVersion = 10.0.40219.1
Project("{FAE04EC0-301F-11D3-BF4B-00C04F79EFBC}") = "Proliferate", "Proliferate\Proliferate.csproj", "{C1BBE4BA-4A36-4FDD-A5D2-B5E022640305}"
EndProject
Project("{FAE04EC0-301F-11D3-BF4B-00C04F79EFBC}") = "Proliferate.Example", "Proliferate.Example\Proliferate.Example.csproj", "{C1AB46D8-A603-4FF5-A6E0-32B34CC468B5}"
EndProject
Project("{FAE04EC0-301F-11D3-BF4B-00C04F79EFBC}") = "Proliferate.WCFcomparison", "Proliferate.WCFcomparison\Proliferate.WCFcomparison.csproj", "{A1C36F60-0D2A-4913-98C9-F889BDCAE07A}"
EndProject
Project("{FAE04EC0-301F-11D3-BF4B-00C04F79EFBC}") = "Proliferate.Tests", "Proliferate.Tests\Proliferate.Tests.csproj", "{64A1D02C-D487-4E04-AC57-99BD502175A1}"
EndProject
Global
	GlobalSection(SolutionConfigurationPlatforms) = preSolution
		Debug|Any CPU = Debug|Any CPU
		Release|Any CPU = Release|Any CPU
	EndGlobalSection
	GlobalSection(ProjectConfigurationPlatforms) = postSolution
		{C1BBE4BA-4A36-4FDD-A5D2-B5E022640305}.Debug|Any CPU.ActiveCfg = Debug|Any CPU
		{C1BBE4BA-4A36-4FDD-A5D2-B5E022640305}.Debug|Any CPU.Build.0 = Debug|Any CPU
		{C1BBE4BA-4A36-4FDD-A5D2-B5E022640305}.Release|Any CPU.ActiveCfg = Release|Any CPU
		{C1BBE4BA-4A36-4FDD-A5D2-B5E022640305}.Release|Any CPU.Build.0 = Release|Any CPU
		{C1AB46D8-A603-4FF5-A6E0-32B34CC468B5}.Debug|Any CPU.ActiveCfg = Debug|Any CPU
		{C1AB46D8-A603-4FF5-A6E0-32B34CC468B5}.Debug|Any CPU.Build.0 = Debug|Any CPU
		{C1AB46D8-A603-4FF5-A6E0-32B34CC468B5}.Release|Any CPU.ActiveCfg = Release|Any CPU
		{C1AB46D8-A603-4FF5-A6E0-32B34CC468B5}.Release|Any CPU.Build.0 = Release|Any CPU
		{A1C36F60-0D2A-4913-98C9-F889BDCAE07A}.Debug|Any CPU.ActiveCfg = Debug|Any CPU
		{A1C36F60-0D2A-4913-98C9-F889BDCAE07A}.Debug|Any CPU.Build.0 = Debug|Any CPU
		{A1C36F60-0D2A-4913-98C9-F889BDCAE07A}.Release|Any CPU.ActiveCfg = Release|Any CPU
		{A1C36F60-0D2A-4913-98C9-F889BDCAE07A}.Release|Any CPU.Build.0 = Release|Any CPU
		{64A1D02C-D487-4E04-AC57-99BD502175A1}.Debug|Any CPU.ActiveCfg = Debug|Any CPU
		{64A1D02C-D487-4E04-AC57-99BD502175A1}.Debug|Any CPU.Build.0 = Debug|Any CPU
		{64A1D02C-D487-4E04-AC57-99BD502175A1}.Release|Any CPU.ActiveCfg = Release|Any CPU
		{64A1D02C-D487-4E04-AC57-99BD502175A1}.Release|Any CPU.Build.0 = Release|Any CPU
	EndGlobalSection
	GlobalSection(SolutionProperties) = preSolution
		HideSolutionNode = FALSE
	EndGlobalSection
EndGlobal
